
Microsoft Visual Studio Solution File, Format Version 12.00
# Visual Studio Version 17
VisualStudioVersion = 17.0.31903.59
MinimumVisualStudioVersion = 10.0.40219.1
Project("{FAE04EC0-301F-11D3-BF4B-00C04F79EFBC}") = "LeetCode.Solutions", "LeetCode.Solutions\LeetCode.Solutions.csproj", "{3D3B5955-542C-4A9C-9B1B-6A4312D72984}"
EndProject
Project("{FAE04EC0-301F-11D3-BF4B-00C04F79EFBC}") = "LeetCode.Tests", "LeetCode.Tests\LeetCode.Tests.csproj", "{CAA5DCE2-1A75-45A5-A7D9-521ADE361A48}"
EndProject
Global
	GlobalSection(SolutionConfigurationPlatforms) = preSolution
		Debug|Any CPU = Debug|Any CPU
		Release|Any CPU = Release|Any CPU
	EndGlobalSection
	GlobalSection(SolutionProperties) = preSolution
		HideSolutionNode = FALSE
	EndGlobalSection
	GlobalSection(ProjectConfigurationPlatforms) = postSolution
		{3D3B5955-542C-4A9C-9B1B-6A4312D72984}.Debug|Any CPU.ActiveCfg = Debug|Any CPU
		{3D3B5955-542C-4A9C-9B1B-6A4312D72984}.Debug|Any CPU.Build.0 = Debug|Any CPU
		{3D3B5955-542C-4A9C-9B1B-6A4312D72984}.Release|Any CPU.ActiveCfg = Release|Any CPU
		{3D3B5955-542C-4A9C-9B1B-6A4312D72984}.Release|Any CPU.Build.0 = Release|Any CPU
		{CAA5DCE2-1A75-45A5-A7D9-521ADE361A48}.Debug|Any CPU.ActiveCfg = Debug|Any CPU
		{CAA5DCE2-1A75-45A5-A7D9-521ADE361A48}.Debug|Any CPU.Build.0 = Debug|Any CPU
		{CAA5DCE2-1A75-45A5-A7D9-521ADE361A48}.Release|Any CPU.ActiveCfg = Release|Any CPU
		{CAA5DCE2-1A75-45A5-A7D9-521ADE361A48}.Release|Any CPU.Build.0 = Release|Any CPU
	EndGlobalSection
EndGlobal
